
Microsoft Visual Studio Solution File, Format Version 12.00
# Visual Studio Version 17
VisualStudioVersion = 17.10.34916.146
MinimumVisualStudioVersion = 10.0.40219.1
Project("{FAE04EC0-301F-11D3-BF4B-00C04F79EFBC}") = "Home_work", "Home_work\Home_work.csproj", "{E87EFFFF-9883-46AA-8E71-AC664F873E48}"
EndProject
Global
	GlobalSection(SolutionConfigurationPlatforms) = preSolution
		Debug|Any CPU = Debug|Any CPU
		Release|Any CPU = Release|Any CPU
	EndGlobalSection
	GlobalSection(ProjectConfigurationPlatforms) = postSolution
		{E87EFFFF-9883-46AA-8E71-AC664F873E48}.Debug|Any CPU.ActiveCfg = Debug|Any CPU
		{E87EFFFF-9883-46AA-8E71-AC664F873E48}.Debug|Any CPU.Build.0 = Debug|Any CPU
		{E87EFFFF-9883-46AA-8E71-AC664F873E48}.Release|Any CPU.ActiveCfg = Release|Any CPU
		{E87EFFFF-9883-46AA-8E71-AC664F873E48}.Release|Any CPU.Build.0 = Release|Any CPU
	EndGlobalSection
	GlobalSection(SolutionProperties) = preSolution
		HideSolutionNode = FALSE
	EndGlobalSection
	GlobalSection(ExtensibilityGlobals) = postSolution
		SolutionGuid = {4005B869-614B-4CE5-95EC-8125D94621C7}
	EndGlobalSection
EndGlobal
